
Microsoft Visual Studio Solution File, Format Version 12.00
# Visual Studio Version 17
VisualStudioVersion = 17.10.34928.147
MinimumVisualStudioVersion = 10.0.40219.1
Project("{FAE04EC0-301F-11D3-BF4B-00C04F79EFBC}") = "WebApplication1", "WebApplication1.csproj", "{03159271-ADDD-4DA2-9DCC-68776AA78A33}"
EndProject
Global
	GlobalSection(SolutionConfigurationPlatforms) = preSolution
		Debug|Any CPU = Debug|Any CPU
		Release|Any CPU = Release|Any CPU
	EndGlobalSection
	GlobalSection(ProjectConfigurationPlatforms) = postSolution
		{03159271-ADDD-4DA2-9DCC-68776AA78A33}.Debug|Any CPU.ActiveCfg = Debug|Any CPU
		{03159271-ADDD-4DA2-9DCC-68776AA78A33}.Debug|Any CPU.Build.0 = Debug|Any CPU
		{03159271-ADDD-4DA2-9DCC-68776AA78A33}.Release|Any CPU.ActiveCfg = Release|Any CPU
		{03159271-ADDD-4DA2-9DCC-68776AA78A33}.Release|Any CPU.Build.0 = Release|Any CPU
	EndGlobalSection
	GlobalSection(SolutionProperties) = preSolution
		HideSolutionNode = FALSE
	EndGlobalSection
	GlobalSection(ExtensibilityGlobals) = postSolution
		SolutionGuid = {1E6BE93A-C5A2-4429-802A-59EB320E2060}
	EndGlobalSection
EndGlobal
